
Microsoft Visual Studio Solution File, Format Version 12.00
# Visual Studio 2013
VisualStudioVersion = 12.0.40629.0
MinimumVisualStudioVersion = 10.0.40219.1
Project("{FAE04EC0-301F-11D3-BF4B-00C04F79EFBC}") = "Problem_01-Books", "Problem_01-Books\Problem_01-Books.csproj", "{92D871DF-671C-414C-A830-FAB5C1C9DF75}"
EndProject
Project("{FAE04EC0-301F-11D3-BF4B-00C04F79EFBC}") = "Problem_02-Lorem-Ipsum-Site", "Problem_02-Lorem-Ipsum-Site\Problem_02-Lorem-Ipsum-Site.csproj", "{05DED0C1-8295-455A-BADF-29596DFD380F}"
EndProject
Project("{FAE04EC0-301F-11D3-BF4B-00C04F79EFBC}") = "Problem_03-Login-Search-Form", "Problem_03-Login-Search-Form\Problem_03-Login-Search-Form.csproj", "{7030B79D-F88E-4211-B6BB-6CC2941C0E62}"
EndProject
Global
	GlobalSection(SolutionConfigurationPlatforms) = preSolution
		Debug|Any CPU = Debug|Any CPU
		Release|Any CPU = Release|Any CPU
	EndGlobalSection
	GlobalSection(ProjectConfigurationPlatforms) = postSolution
		{92D871DF-671C-414C-A830-FAB5C1C9DF75}.Debug|Any CPU.ActiveCfg = Debug|Any CPU
		{92D871DF-671C-414C-A830-FAB5C1C9DF75}.Debug|Any CPU.Build.0 = Debug|Any CPU
		{92D871DF-671C-414C-A830-FAB5C1C9DF75}.Release|Any CPU.ActiveCfg = Release|Any CPU
		{92D871DF-671C-414C-A830-FAB5C1C9DF75}.Release|Any CPU.Build.0 = Release|Any CPU
		{05DED0C1-8295-455A-BADF-29596DFD380F}.Debug|Any CPU.ActiveCfg = Debug|Any CPU
		{05DED0C1-8295-455A-BADF-29596DFD380F}.Debug|Any CPU.Build.0 = Debug|Any CPU
		{05DED0C1-8295-455A-BADF-29596DFD380F}.Release|Any CPU.ActiveCfg = Release|Any CPU
		{05DED0C1-8295-455A-BADF-29596DFD380F}.Release|Any CPU.Build.0 = Release|Any CPU
		{7030B79D-F88E-4211-B6BB-6CC2941C0E62}.Debug|Any CPU.ActiveCfg = Debug|Any CPU
		{7030B79D-F88E-4211-B6BB-6CC2941C0E62}.Debug|Any CPU.Build.0 = Debug|Any CPU
		{7030B79D-F88E-4211-B6BB-6CC2941C0E62}.Release|Any CPU.ActiveCfg = Release|Any CPU
		{7030B79D-F88E-4211-B6BB-6CC2941C0E62}.Release|Any CPU.Build.0 = Release|Any CPU
	EndGlobalSection
	GlobalSection(SolutionProperties) = preSolution
		HideSolutionNode = FALSE
	EndGlobalSection
EndGlobal
